// !$*UTF8*$!
{
	archiveVersion = 1;
	classes = {
	};
	objectVersion = 51;
	objects = {

/* Begin PBXBuildFile section */
		9268B18A56045DE36E229801 /* Pods_Uber_Clone.framework in Frameworks */ = {isa = PBXBuildFile; fileRef = C1D19957622C3E08AF60460E /* Pods_Uber_Clone.framework */; };
		D93CB68E25A9CEF00000166F /* DatabaseManager.swift in Sources */ = {isa = PBXBuildFile; fileRef = D93CB68D25A9CEF00000166F /* DatabaseManager.swift */; };
		D95A8E8425A7227800E56B2D /* AppDelegate.swift in Sources */ = {isa = PBXBuildFile; fileRef = D95A8E8325A7227800E56B2D /* AppDelegate.swift */; };
		D95A8E8625A7227800E56B2D /* SceneDelegate.swift in Sources */ = {isa = PBXBuildFile; fileRef = D95A8E8525A7227800E56B2D /* SceneDelegate.swift */; };
		D95A8E8825A7227800E56B2D /* HomeVC.swift in Sources */ = {isa = PBXBuildFile; fileRef = D95A8E8725A7227800E56B2D /* HomeVC.swift */; };
		D95A8E8B25A7227800E56B2D /* Main.storyboard in Resources */ = {isa = PBXBuildFile; fileRef = D95A8E8925A7227800E56B2D /* Main.storyboard */; };
		D95A8E8D25A7227900E56B2D /* Assets.xcassets in Resources */ = {isa = PBXBuildFile; fileRef = D95A8E8C25A7227900E56B2D /* Assets.xcassets */; };
		D95A8E9025A7227900E56B2D /* LaunchScreen.storyboard in Resources */ = {isa = PBXBuildFile; fileRef = D95A8E8E25A7227900E56B2D /* LaunchScreen.storyboard */; };
		D95A8EB225A7251300E56B2D /* Extentions.swift in Sources */ = {isa = PBXBuildFile; fileRef = D95A8EB125A7251300E56B2D /* Extentions.swift */; };
		D95A8EB525A7304100E56B2D /* LoginVC.swift in Sources */ = {isa = PBXBuildFile; fileRef = D95A8EB425A7304100E56B2D /* LoginVC.swift */; };
		D95A8EB825A7305100E56B2D /* SignUpVC.swift in Sources */ = {isa = PBXBuildFile; fileRef = D95A8EB725A7305100E56B2D /* SignUpVC.swift */; };
		D95A8EBB25A731E900E56B2D /* AuthButton.swift in Sources */ = {isa = PBXBuildFile; fileRef = D95A8EBA25A731E900E56B2D /* AuthButton.swift */; };
		D9987A8725A8EA080036D3A0 /* LocationInputActivationView.swift in Sources */ = {isa = PBXBuildFile; fileRef = D9987A8625A8EA080036D3A0 /* LocationInputActivationView.swift */; };
		D9987A8A25A8ECA20036D3A0 /* LocationInputView.swift in Sources */ = {isa = PBXBuildFile; fileRef = D9987A8925A8ECA20036D3A0 /* LocationInputView.swift */; };
		D9987A8D25A8F39F0036D3A0 /* LocationCell.swift in Sources */ = {isa = PBXBuildFile; fileRef = D9987A8C25A8F39F0036D3A0 /* LocationCell.swift */; };
		D9987A9125A90A4F0036D3A0 /* GoogleService-Info.plist in Resources */ = {isa = PBXBuildFile; fileRef = D9987A9025A90A4F0036D3A0 /* GoogleService-Info.plist */; };
		D9987AB225A910470036D3A0 /* AuthManager.swift in Sources */ = {isa = PBXBuildFile; fileRef = D9987AB125A910470036D3A0 /* AuthManager.swift */; };
/* End PBXBuildFile section */

/* Begin PBXFileReference section */
		05AF397686605131E7D7D595 /* Pods-Uber-Clone.debug.xcconfig */ = {isa = PBXFileReference; includeInIndex = 1; lastKnownFileType = text.xcconfig; name = "Pods-Uber-Clone.debug.xcconfig"; path = "Target Support Files/Pods-Uber-Clone/Pods-Uber-Clone.debug.xcconfig"; sourceTree = "<group>"; };
		75339783C411EA438F8D7605 /* Pods-Uber-Clone.release.xcconfig */ = {isa = PBXFileReference; includeInIndex = 1; lastKnownFileType = text.xcconfig; name = "Pods-Uber-Clone.release.xcconfig"; path = "Target Support Files/Pods-Uber-Clone/Pods-Uber-Clone.release.xcconfig"; sourceTree = "<group>"; };
		C1D19957622C3E08AF60460E /* Pods_Uber_Clone.framework */ = {isa = PBXFileReference; explicitFileType = wrapper.framework; includeInIndex = 0; path = Pods_Uber_Clone.framework; sourceTree = BUILT_PRODUCTS_DIR; };
		D93CB68D25A9CEF00000166F /* DatabaseManager.swift */ = {isa = PBXFileReference; lastKnownFileType = sourcecode.swift; path = DatabaseManager.swift; sourceTree = "<group>"; };
		D95A8E8025A7227800E56B2D /* Uber-Clone.app */ = {isa = PBXFileReference; explicitFileType = wrapper.application; includeInIndex = 0; path = "Uber-Clone.app"; sourceTree = BUILT_PRODUCTS_DIR; };
		D95A8E8325A7227800E56B2D /* AppDelegate.swift */ = {isa = PBXFileReference; lastKnownFileType = sourcecode.swift; path = AppDelegate.swift; sourceTree = "<group>"; };
		D95A8E8525A7227800E56B2D /* SceneDelegate.swift */ = {isa = PBXFileReference; lastKnownFileType = sourcecode.swift; path = SceneDelegate.swift; sourceTree = "<group>"; };
		D95A8E8725A7227800E56B2D /* HomeVC.swift */ = {isa = PBXFileReference; lastKnownFileType = sourcecode.swift; path = HomeVC.swift; sourceTree = "<group>"; };
		D95A8E8A25A7227800E56B2D /* Base */ = {isa = PBXFileReference; lastKnownFileType = file.storyboard; name = Base; path = Base.lproj/Main.storyboard; sourceTree = "<group>"; };
		D95A8E8C25A7227900E56B2D /* Assets.xcassets */ = {isa = PBXFileReference; lastKnownFileType = folder.assetcatalog; path = Assets.xcassets; sourceTree = "<group>"; };
		D95A8E8F25A7227900E56B2D /* Base */ = {isa = PBXFileReference; lastKnownFileType = file.storyboard; name = Base; path = Base.lproj/LaunchScreen.storyboard; sourceTree = "<group>"; };
		D95A8E9125A7227900E56B2D /* Info.plist */ = {isa = PBXFileReference; lastKnownFileType = text.plist.xml; path = Info.plist; sourceTree = "<group>"; };
		D95A8EB125A7251300E56B2D /* Extentions.swift */ = {isa = PBXFileReference; lastKnownFileType = sourcecode.swift; path = Extentions.swift; sourceTree = "<group>"; };
		D95A8EB425A7304100E56B2D /* LoginVC.swift */ = {isa = PBXFileReference; lastKnownFileType = sourcecode.swift; path = LoginVC.swift; sourceTree = "<group>"; };
		D95A8EB725A7305100E56B2D /* SignUpVC.swift */ = {isa = PBXFileReference; lastKnownFileType = sourcecode.swift; path = SignUpVC.swift; sourceTree = "<group>"; };
		D95A8EBA25A731E900E56B2D /* AuthButton.swift */ = {isa = PBXFileReference; lastKnownFileType = sourcecode.swift; path = AuthButton.swift; sourceTree = "<group>"; };
		D9987A8625A8EA080036D3A0 /* LocationInputActivationView.swift */ = {isa = PBXFileReference; lastKnownFileType = sourcecode.swift; path = LocationInputActivationView.swift; sourceTree = "<group>"; };
		D9987A8925A8ECA20036D3A0 /* LocationInputView.swift */ = {isa = PBXFileReference; lastKnownFileType = sourcecode.swift; path = LocationInputView.swift; sourceTree = "<group>"; };
		D9987A8C25A8F39F0036D3A0 /* LocationCell.swift */ = {isa = PBXFileReference; lastKnownFileType = sourcecode.swift; path = LocationCell.swift; sourceTree = "<group>"; };
		D9987A9025A90A4F0036D3A0 /* GoogleService-Info.plist */ = {isa = PBXFileReference; lastKnownFileType = text.plist; path = "GoogleService-Info.plist"; sourceTree = SOURCE_ROOT; };
		D9987AB125A910470036D3A0 /* AuthManager.swift */ = {isa = PBXFileReference; lastKnownFileType = sourcecode.swift; path = AuthManager.swift; sourceTree = "<group>"; };
/* End PBXFileReference section */

/* Begin PBXFrameworksBuildPhase section */
		D95A8E7D25A7227800E56B2D /* Frameworks */ = {
			isa = PBXFrameworksBuildPhase;
			buildActionMask = 2147483647;
			files = (
				9268B18A56045DE36E229801 /* Pods_Uber_Clone.framework in Frameworks */,
			);
			runOnlyForDeploymentPostprocessing = 0;
		};
/* End PBXFrameworksBuildPhase section */

/* Begin PBXGroup section */
		8C62DAA6E4C2A405933B1AE4 /* Frameworks */ = {
			isa = PBXGroup;
			children = (
				C1D19957622C3E08AF60460E /* Pods_Uber_Clone.framework */,
			);
			name = Frameworks;
			sourceTree = "<group>";
		};
		D95A8E7725A7227800E56B2D = {
			isa = PBXGroup;
			children = (
				D95A8E8225A7227800E56B2D /* Uber-Clone */,
				D95A8E8125A7227800E56B2D /* Products */,
				F5A6048C11E506580EA74992 /* Pods */,
				8C62DAA6E4C2A405933B1AE4 /* Frameworks */,
			);
			sourceTree = "<group>";
		};
		D95A8E8125A7227800E56B2D /* Products */ = {
			isa = PBXGroup;
			children = (
				D95A8E8025A7227800E56B2D /* Uber-Clone.app */,
			);
			name = Products;
			sourceTree = "<group>";
		};
		D95A8E8225A7227800E56B2D /* Uber-Clone */ = {
			isa = PBXGroup;
			children = (
				D95A8E9F25A7230A00E56B2D /* Supporting Files */,
				D95A8E9E25A7230400E56B2D /* Utilities */,
				D95A8E9D25A7230200E56B2D /* Services */,
				D95A8E9C25A722FF00E56B2D /* Model */,
				D95A8E9B25A722FD00E56B2D /* View */,
				D95A8E9A25A722FB00E56B2D /* Controllers */,
				D95A8E9125A7227900E56B2D /* Info.plist */,
				D9987A9025A90A4F0036D3A0 /* GoogleService-Info.plist */,
			);
			path = "Uber-Clone";
			sourceTree = "<group>";
		};
		D95A8E9A25A722FB00E56B2D /* Controllers */ = {
			isa = PBXGroup;
			children = (
				D95A8E8725A7227800E56B2D /* HomeVC.swift */,
				D95A8EA025A7232D00E56B2D /* Onboarding */,
			);
			path = Controllers;
			sourceTree = "<group>";
		};
		D95A8E9B25A722FD00E56B2D /* View */ = {
			isa = PBXGroup;
			children = (
				D95A8EBA25A731E900E56B2D /* AuthButton.swift */,
				D9987A8625A8EA080036D3A0 /* LocationInputActivationView.swift */,
				D9987A8925A8ECA20036D3A0 /* LocationInputView.swift */,
				D95A8EA225A7233E00E56B2D /* Cells */,
				D95A8EA125A7233600E56B2D /* Storyboard */,
			);
			path = View;
			sourceTree = "<group>";
		};
		D95A8E9C25A722FF00E56B2D /* Model */ = {
			isa = PBXGroup;
			children = (
			);
			path = Model;
			sourceTree = "<group>";
		};
		D95A8E9D25A7230200E56B2D /* Services */ = {
			isa = PBXGroup;
			children = (
				D9987AB125A910470036D3A0 /* AuthManager.swift */,
				D93CB68D25A9CEF00000166F /* DatabaseManager.swift */,
			);
			path = Services;
			sourceTree = "<group>";
		};
		D95A8E9E25A7230400E56B2D /* Utilities */ = {
			isa = PBXGroup;
			children = (
				D95A8EB125A7251300E56B2D /* Extentions.swift */,
			);
			path = Utilities;
			sourceTree = "<group>";
		};
		D95A8E9F25A7230A00E56B2D /* Supporting Files */ = {
			isa = PBXGroup;
			children = (
				D95A8E8325A7227800E56B2D /* AppDelegate.swift */,
				D95A8E8525A7227800E56B2D /* SceneDelegate.swift */,
				D95A8E8C25A7227900E56B2D /* Assets.xcassets */,
			);
			path = "Supporting Files";
			sourceTree = "<group>";
		};
		D95A8EA025A7232D00E56B2D /* Onboarding */ = {
			isa = PBXGroup;
			children = (
				D95A8EB425A7304100E56B2D /* LoginVC.swift */,
				D95A8EB725A7305100E56B2D /* SignUpVC.swift */,
			);
			path = Onboarding;
			sourceTree = "<group>";
		};
		D95A8EA125A7233600E56B2D /* Storyboard */ = {
			isa = PBXGroup;
			children = (
				D95A8E8925A7227800E56B2D /* Main.storyboard */,
				D95A8E8E25A7227900E56B2D /* LaunchScreen.storyboard */,
			);
			path = Storyboard;
			sourceTree = "<group>";
		};
		D95A8EA225A7233E00E56B2D /* Cells */ = {
			isa = PBXGroup;
			children = (
				D9987A8C25A8F39F0036D3A0 /* LocationCell.swift */,
			);
			path = Cells;
			sourceTree = "<group>";
		};
		F5A6048C11E506580EA74992 /* Pods */ = {
			isa = PBXGroup;
			children = (
				05AF397686605131E7D7D595 /* Pods-Uber-Clone.debug.xcconfig */,
				75339783C411EA438F8D7605 /* Pods-Uber-Clone.release.xcconfig */,
			);
			path = Pods;
			sourceTree = "<group>";
		};
/* End PBXGroup section */

/* Begin PBXNativeTarget section */
		D95A8E7F25A7227800E56B2D /* Uber-Clone */ = {
			isa = PBXNativeTarget;
			buildConfigurationList = D95A8E9425A7227900E56B2D /* Build configuration list for PBXNativeTarget "Uber-Clone" */;
			buildPhases = (
				F8D8CF3F0A59609A843D5238 /* [CP] Check Pods Manifest.lock */,
				D95A8E7C25A7227800E56B2D /* Sources */,
				D95A8E7D25A7227800E56B2D /* Frameworks */,
				D95A8E7E25A7227800E56B2D /* Resources */,
				37E7B087AA5DEE9AC8073D67 /* [CP] Embed Pods Frameworks */,
			);
			buildRules = (
			);
			dependencies = (
			);
			name = "Uber-Clone";
			productName = "Uber-Clone";
			productReference = D95A8E8025A7227800E56B2D /* Uber-Clone.app */;
			productType = "com.apple.product-type.application";
		};
/* End PBXNativeTarget section */

/* Begin PBXProject section */
		D95A8E7825A7227800E56B2D /* Project object */ = {
			isa = PBXProject;
			attributes = {
				LastSwiftUpdateCheck = 1230;
				LastUpgradeCheck = 1230;
				TargetAttributes = {
					D95A8E7F25A7227800E56B2D = {
						CreatedOnToolsVersion = 12.3;
					};
				};
			};
			buildConfigurationList = D95A8E7B25A7227800E56B2D /* Build configuration list for PBXProject "Uber-Clone" */;
			compatibilityVersion = "Xcode 9.3";
			developmentRegion = en;
			hasScannedForEncodings = 0;
			knownRegions = (
				en,
				Base,
			);
			mainGroup = D95A8E7725A7227800E56B2D;
			productRefGroup = D95A8E8125A7227800E56B2D /* Products */;
			projectDirPath = "";
			projectRoot = "";
			targets = (
				D95A8E7F25A7227800E56B2D /* Uber-Clone */,
			);
		};
/* End PBXProject section */

/* Begin PBXResourcesBuildPhase section */
		D95A8E7E25A7227800E56B2D /* Resources */ = {
			isa = PBXResourcesBuildPhase;
			buildActionMask = 2147483647;
			files = (
				D95A8E9025A7227900E56B2D /* LaunchScreen.storyboard in Resources */,
				D9987A9125A90A4F0036D3A0 /* GoogleService-Info.plist in Resources */,
				D95A8E8D25A7227900E56B2D /* Assets.xcassets in Resources */,
				D95A8E8B25A7227800E56B2D /* Main.storyboard in Resources */,
			);
			runOnlyForDeploymentPostprocessing = 0;
		};
/* End PBXResourcesBuildPhase section */

/* Begin PBXShellScriptBuildPhase section */
		37E7B087AA5DEE9AC8073D67 /* [CP] Embed Pods Frameworks */ = {
			isa = PBXShellScriptBuildPhase;
			buildActionMask = 2147483647;
			files = (
			);
			inputFileListPaths = (
				"${PODS_ROOT}/Target Support Files/Pods-Uber-Clone/Pods-Uber-Clone-frameworks-${CONFIGURATION}-input-files.xcfilelist",
			);
			name = "[CP] Embed Pods Frameworks";
			outputFileListPaths = (
				"${PODS_ROOT}/Target Support Files/Pods-Uber-Clone/Pods-Uber-Clone-frameworks-${CONFIGURATION}-output-files.xcfilelist",
			);
			runOnlyForDeploymentPostprocessing = 0;
			shellPath = /bin/sh;
			shellScript = "\"${PODS_ROOT}/Target Support Files/Pods-Uber-Clone/Pods-Uber-Clone-frameworks.sh\"\n";
			showEnvVarsInLog = 0;
		};
		F8D8CF3F0A59609A843D5238 /* [CP] Check Pods Manifest.lock */ = {
			isa = PBXShellScriptBuildPhase;
			buildActionMask = 2147483647;
			files = (
			);
			inputFileListPaths = (
			);
			inputPaths = (
				"${PODS_PODFILE_DIR_PATH}/Podfile.lock",
				"${PODS_ROOT}/Manifest.lock",
			);
			name = "[CP] Check Pods Manifest.lock";
			outputFileListPaths = (
			);
			outputPaths = (
				"$(DERIVED_FILE_DIR)/Pods-Uber-Clone-checkManifestLockResult.txt",
			);
			runOnlyForDeploymentPostprocessing = 0;
			shellPath = /bin/sh;
			shellScript = "diff \"${PODS_PODFILE_DIR_PATH}/Podfile.lock\" \"${PODS_ROOT}/Manifest.lock\" > /dev/null\nif [ $? != 0 ] ; then\n    # print error to STDERR\n    echo \"error: The sandbox is not in sync with the Podfile.lock. Run 'pod install' or update your CocoaPods installation.\" >&2\n    exit 1\nfi\n# This output is used by Xcode 'outputs' to avoid re-running this script phase.\necho \"SUCCESS\" > \"${SCRIPT_OUTPUT_FILE_0}\"\n";
			showEnvVarsInLog = 0;
		};
/* End PBXShellScriptBuildPhase section */

/* Begin PBXSourcesBuildPhase section */
		D95A8E7C25A7227800E56B2D /* Sources */ = {
			isa = PBXSourcesBuildPhase;
			buildActionMask = 2147483647;
			files = (
				D95A8EB225A7251300E56B2D /* Extentions.swift in Sources */,
				D95A8EBB25A731E900E56B2D /* AuthButton.swift in Sources */,
				D95A8E8825A7227800E56B2D /* HomeVC.swift in Sources */,
				D9987A8A25A8ECA20036D3A0 /* LocationInputView.swift in Sources */,
				D95A8E8425A7227800E56B2D /* AppDelegate.swift in Sources */,
				D95A8E8625A7227800E56B2D /* SceneDelegate.swift in Sources */,
				D9987A8D25A8F39F0036D3A0 /* LocationCell.swift in Sources */,
				D95A8EB825A7305100E56B2D /* SignUpVC.swift in Sources */,
				D93CB68E25A9CEF00000166F /* DatabaseManager.swift in Sources */,
				D9987AB225A910470036D3A0 /* AuthManager.swift in Sources */,
				D9987A8725A8EA080036D3A0 /* LocationInputActivationView.swift in Sources */,
				D95A8EB525A7304100E56B2D /* LoginVC.swift in Sources */,
			);
			runOnlyForDeploymentPostprocessing = 0;
		};
/* End PBXSourcesBuildPhase section */

/* Begin PBXVariantGroup section */
		D95A8E8925A7227800E56B2D /* Main.storyboard */ = {
			isa = PBXVariantGroup;
			children = (
				D95A8E8A25A7227800E56B2D /* Base */,
			);
			name = Main.storyboard;
			sourceTree = "<group>";
		};
		D95A8E8E25A7227900E56B2D /* LaunchScreen.storyboard */ = {
			isa = PBXVariantGroup;
			children = (
				D95A8E8F25A7227900E56B2D /* Base */,
			);
			name = LaunchScreen.storyboard;
			sourceTree = "<group>";
		};
/* End PBXVariantGroup section */

/* Begin XCBuildConfiguration section */
		D95A8E9225A7227900E56B2D /* Debug */ = {
			isa = XCBuildConfiguration;
			buildSettings = {
				ALWAYS_SEARCH_USER_PATHS = NO;
				CLANG_ANALYZER_NONNULL = YES;
				CLANG_ANALYZER_NUMBER_OBJECT_CONVERSION = YES_AGGRESSIVE;
				CLANG_CXX_LANGUAGE_STANDARD = "gnu++14";
				CLANG_CXX_LIBRARY = "libc++";
				CLANG_ENABLE_MODULES = YES;
				CLANG_ENABLE_OBJC_ARC = YES;
				CLANG_ENABLE_OBJC_WEAK = YES;
				CLANG_WARN_BLOCK_CAPTURE_AUTORELEASING = YES;
				CLANG_WARN_BOOL_CONVERSION = YES;
				CLANG_WARN_COMMA = YES;
				CLANG_WARN_CONSTANT_CONVERSION = YES;
				CLANG_WARN_DEPRECATED_OBJC_IMPLEMENTATIONS = YES;
				CLANG_WARN_DIRECT_OBJC_ISA_USAGE = YES_ERROR;
				CLANG_WARN_DOCUMENTATION_COMMENTS = YES;
				CLANG_WARN_EMPTY_BODY = YES;
				CLANG_WARN_ENUM_CONVERSION = YES;
				CLANG_WARN_INFINITE_RECURSION = YES;
				CLANG_WARN_INT_CONVERSION = YES;
				CLANG_WARN_NON_LITERAL_NULL_CONVERSION = YES;
				CLANG_WARN_OBJC_IMPLICIT_RETAIN_SELF = YES;
				CLANG_WARN_OBJC_LITERAL_CONVERSION = YES;
				CLANG_WARN_OBJC_ROOT_CLASS = YES_ERROR;
				CLANG_WARN_QUOTED_INCLUDE_IN_FRAMEWORK_HEADER = YES;
				CLANG_WARN_RANGE_LOOP_ANALYSIS = YES;
				CLANG_WARN_STRICT_PROTOTYPES = YES;
				CLANG_WARN_SUSPICIOUS_MOVE = YES;
				CLANG_WARN_UNGUARDED_AVAILABILITY = YES_AGGRESSIVE;
				CLANG_WARN_UNREACHABLE_CODE = YES;
				CLANG_WARN__DUPLICATE_METHOD_MATCH = YES;
				COPY_PHASE_STRIP = NO;
				DEBUG_INFORMATION_FORMAT = dwarf;
				ENABLE_STRICT_OBJC_MSGSEND = YES;
				ENABLE_TESTABILITY = YES;
				GCC_C_LANGUAGE_STANDARD = gnu11;
				GCC_DYNAMIC_NO_PIC = NO;
				GCC_NO_COMMON_BLOCKS = YES;
				GCC_OPTIMIZATION_LEVEL = 0;
				GCC_PREPROCESSOR_DEFINITIONS = (
					"DEBUG=1",
					"$(inherited)",
				);
				GCC_WARN_64_TO_32_BIT_CONVERSION = YES;
				GCC_WARN_ABOUT_RETURN_TYPE = YES_ERROR;
				GCC_WARN_UNDECLARED_SELECTOR = YES;
				GCC_WARN_UNINITIALIZED_AUTOS = YES_AGGRESSIVE;
				GCC_WARN_UNUSED_FUNCTION = YES;
				GCC_WARN_UNUSED_VARIABLE = YES;
				IPHONEOS_DEPLOYMENT_TARGET = 13.0;
				MTL_ENABLE_DEBUG_INFO = INCLUDE_SOURCE;
				MTL_FAST_MATH = YES;
				ONLY_ACTIVE_ARCH = YES;
				SDKROOT = iphoneos;
				SWIFT_ACTIVE_COMPILATION_CONDITIONS = DEBUG;
				SWIFT_OPTIMIZATION_LEVEL = "-Onone";
			};
			name = Debug;
		};
		D95A8E9325A7227900E56B2D /* Release */ = {
			isa = XCBuildConfiguration;
			buildSettings = {
				ALWAYS_SEARCH_USER_PATHS = NO;
				CLANG_ANALYZER_NONNULL = YES;
				CLANG_ANALYZER_NUMBER_OBJECT_CONVERSION = YES_AGGRESSIVE;
				CLANG_CXX_LANGUAGE_STANDARD = "gnu++14";
				CLANG_CXX_LIBRARY = "libc++";
				CLANG_ENABLE_MODULES = YES;
				CLANG_ENABLE_OBJC_ARC = YES;
				CLANG_ENABLE_OBJC_WEAK = YES;
				CLANG_WARN_BLOCK_CAPTURE_AUTORELEASING = YES;
				CLANG_WARN_BOOL_CONVERSION = YES;
				CLANG_WARN_COMMA = YES;
				CLANG_WARN_CONSTANT_CONVERSION = YES;
				CLANG_WARN_DEPRECATED_OBJC_IMPLEMENTATIONS = YES;
				CLANG_WARN_DIRECT_OBJC_ISA_USAGE = YES_ERROR;
				CLANG_WARN_DOCUMENTATION_COMMENTS = YES;
				CLANG_WARN_EMPTY_BODY = YES;
				CLANG_WARN_ENUM_CONVERSION = YES;
				CLANG_WARN_INFINITE_RECURSION = YES;
				CLANG_WARN_INT_CONVERSION = YES;
				CLANG_WARN_NON_LITERAL_NULL_CONVERSION = YES;
				CLANG_WARN_OBJC_IMPLICIT_RETAIN_SELF = YES;
				CLANG_WARN_OBJC_LITERAL_CONVERSION = YES;
				CLANG_WARN_OBJC_ROOT_CLASS = YES_ERROR;
				CLANG_WARN_QUOTED_INCLUDE_IN_FRAMEWORK_HEADER = YES;
				CLANG_WARN_RANGE_LOOP_ANALYSIS = YES;
				CLANG_WARN_STRICT_PROTOTYPES = YES;
				CLANG_WARN_SUSPICIOUS_MOVE = YES;
				CLANG_WARN_UNGUARDED_AVAILABILITY = YES_AGGRESSIVE;
				CLANG_WARN_UNREACHABLE_CODE = YES;
				CLANG_WARN__DUPLICATE_METHOD_MATCH = YES;
				COPY_PHASE_STRIP = NO;
				DEBUG_INFORMATION_FORMAT = "dwarf-with-dsym";
				ENABLE_NS_ASSERTIONS = NO;
				ENABLE_STRICT_OBJC_MSGSEND = YES;
				GCC_C_LANGUAGE_STANDARD = gnu11;
				GCC_NO_COMMON_BLOCKS = YES;
				GCC_WARN_64_TO_32_BIT_CONVERSION = YES;
				GCC_WARN_ABOUT_RETURN_TYPE = YES_ERROR;
				GCC_WARN_UNDECLARED_SELECTOR = YES;
				GCC_WARN_UNINITIALIZED_AUTOS = YES_AGGRESSIVE;
				GCC_WARN_UNUSED_FUNCTION = YES;
				GCC_WARN_UNUSED_VARIABLE = YES;
				IPHONEOS_DEPLOYMENT_TARGET = 13.0;
				MTL_ENABLE_DEBUG_INFO = NO;
				MTL_FAST_MATH = YES;
				SDKROOT = iphoneos;
				SWIFT_COMPILATION_MODE = wholemodule;
				SWIFT_OPTIMIZATION_LEVEL = "-O";
				VALIDATE_PRODUCT = YES;
			};
			name = Release;
		};
		D95A8E9525A7227900E56B2D /* Debug */ = {
			isa = XCBuildConfiguration;
			baseConfigurationReference = 05AF397686605131E7D7D595 /* Pods-Uber-Clone.debug.xcconfig */;
			buildSettings = {
				ASSETCATALOG_COMPILER_APPICON_NAME = AppIcon;
				ASSETCATALOG_COMPILER_GLOBAL_ACCENT_COLOR_NAME = AccentColor;
				CODE_SIGN_STYLE = Automatic;
				DEVELOPMENT_TEAM = 4A7J823U6W;
				INFOPLIST_FILE = "Uber-Clone/Info.plist";
				LD_RUNPATH_SEARCH_PATHS = (
					"$(inherited)",
					"@executable_path/Frameworks",
				);
				PRODUCT_BUNDLE_IDENTIFIER = "Saad-Sherif.Uber-Clone";
				PRODUCT_NAME = "$(TARGET_NAME)";
				SWIFT_VERSION = 5.0;
				TARGETED_DEVICE_FAMILY = "1,2";
			};
			name = Debug;
		};
		D95A8E9625A7227900E56B2D /* Release */ = {
			isa = XCBuildConfiguration;
			baseConfigurationReference = 75339783C411EA438F8D7605 /* Pods-Uber-Clone.release.xcconfig */;
			buildSettings = {
				ASSETCATALOG_COMPILER_APPICON_NAME = AppIcon;
				ASSETCATALOG_COMPILER_GLOBAL_ACCENT_COLOR_NAME = AccentColor;
				CODE_SIGN_STYLE = Automatic;
				DEVELOPMENT_TEAM = 4A7J823U6W;
				INFOPLIST_FILE = "Uber-Clone/Info.plist";
				LD_RUNPATH_SEARCH_PATHS = (
					"$(inherited)",
					"@executable_path/Frameworks",
				);
				PRODUCT_BUNDLE_IDENTIFIER = "Saad-Sherif.Uber-Clone";
				PRODUCT_NAME = "$(TARGET_NAME)";
				SWIFT_VERSION = 5.0;
				TARGETED_DEVICE_FAMILY = "1,2";
			};
			name = Release;
		};
/* End XCBuildConfiguration section */

/* Begin XCConfigurationList section */
		D95A8E7B25A7227800E56B2D /* Build configuration list for PBXProject "Uber-Clone" */ = {
			isa = XCConfigurationList;
			buildConfigurations = (
				D95A8E9225A7227900E56B2D /* Debug */,
				D95A8E9325A7227900E56B2D /* Release */,
			);
			defaultConfigurationIsVisible = 0;
			defaultConfigurationName = Release;
		};
		D95A8E9425A7227900E56B2D /* Build configuration list for PBXNativeTarget "Uber-Clone" */ = {
			isa = XCConfigurationList;
			buildConfigurations = (
				D95A8E9525A7227900E56B2D /* Debug */,
				D95A8E9625A7227900E56B2D /* Release */,
			);
			defaultConfigurationIsVisible = 0;
			defaultConfigurationName = Release;
		};
/* End XCConfigurationList section */
	};
	rootObject = D95A8E7825A7227800E56B2D /* Project object */;
}
